// !$*UTF8*$!
{
	archiveVersion = 1;
	classes = {
	};
	objectVersion = 46;
	objects = {

/* Begin PBXBuildFile section */
		251EF9B8C440704A0A3FD3A6 /* Pods_stamp.framework in Frameworks */ = {isa = PBXBuildFile; fileRef = 834B4D9E6386B48A0C122E85 /* Pods_stamp.framework */; };
		E639F4221E35132800119873 /* AuthAppViewController.swift in Sources */ = {isa = PBXBuildFile; fileRef = E639F41C1E35132800119873 /* AuthAppViewController.swift */; };
		E639F4231E35132800119873 /* CaptureViewController.swift in Sources */ = {isa = PBXBuildFile; fileRef = E639F41D1E35132800119873 /* CaptureViewController.swift */; };
		E639F4241E35132800119873 /* PhotoListViewController.swift in Sources */ = {isa = PBXBuildFile; fileRef = E639F41E1E35132800119873 /* PhotoListViewController.swift */; };
		E639F4261E35132800119873 /* PhotoListCell.swift in Sources */ = {isa = PBXBuildFile; fileRef = E639F4211E35132800119873 /* PhotoListCell.swift */; };
		E639F4281E35135900119873 /* Extensions.swift in Sources */ = {isa = PBXBuildFile; fileRef = E639F4271E35135900119873 /* Extensions.swift */; };
		E639F42A1E3513BD00119873 /* Models.swift in Sources */ = {isa = PBXBuildFile; fileRef = E639F4291E3513BD00119873 /* Models.swift */; };
		E6A946DA1E1ABB57004D0CC7 /* AppDelegate.swift in Sources */ = {isa = PBXBuildFile; fileRef = E6A946D91E1ABB57004D0CC7 /* AppDelegate.swift */; };
		E6A946DF1E1ABB57004D0CC7 /* Main.storyboard in Resources */ = {isa = PBXBuildFile; fileRef = E6A946DD1E1ABB57004D0CC7 /* Main.storyboard */; };
		E6A946E11E1ABB57004D0CC7 /* Assets.xcassets in Resources */ = {isa = PBXBuildFile; fileRef = E6A946E01E1ABB57004D0CC7 /* Assets.xcassets */; };
		E6A946E41E1ABB57004D0CC7 /* LaunchScreen.storyboard in Resources */ = {isa = PBXBuildFile; fileRef = E6A946E21E1ABB57004D0CC7 /* LaunchScreen.storyboard */; };
		E6A946EC1E1ABCF6004D0CC7 /* GoogleService-Info.plist in Resources */ = {isa = PBXBuildFile; fileRef = E6A946EB1E1ABCF6004D0CC7 /* GoogleService-Info.plist */; };
		E6C7845E1E326401007D026A /* sphere.scn in Resources */ = {isa = PBXBuildFile; fileRef = E6C7845D1E326401007D026A /* sphere.scn */; };
		E6C784631E32A0EF007D026A /* model_Aslan_retopo_reuv-repaired-15K.BMP in Resources */ = {isa = PBXBuildFile; fileRef = E6C784601E32A0EF007D026A /* model_Aslan_retopo_reuv-repaired-15K.BMP */; };
		E6C784641E32A0EF007D026A /* model_Aslan_retopo_reuv-repaired-15K.mtl in Resources */ = {isa = PBXBuildFile; fileRef = E6C784611E32A0EF007D026A /* model_Aslan_retopo_reuv-repaired-15K.mtl */; };
		E6E374121E2C0F1500A00897 /* spherical.jpg in Resources */ = {isa = PBXBuildFile; fileRef = E6E373FA1E2C0F1500A00897 /* spherical.jpg */; };
		E6E374131E2C0F1500A00897 /* sphericalBlurred.png in Resources */ = {isa = PBXBuildFile; fileRef = E6E373FB1E2C0F1500A00897 /* sphericalBlurred.png */; };
		E6E374141E2C0F1500A00897 /* bamboo-wood-semigloss-albedo.png in Resources */ = {isa = PBXBuildFile; fileRef = E6E373FE1E2C0F1500A00897 /* bamboo-wood-semigloss-albedo.png */; };
		E6E374151E2C0F1500A00897 /* bamboo-wood-semigloss-metal.png in Resources */ = {isa = PBXBuildFile; fileRef = E6E373FF1E2C0F1500A00897 /* bamboo-wood-semigloss-metal.png */; };
		E6E374161E2C0F1500A00897 /* bamboo-wood-semigloss-normal.png in Resources */ = {isa = PBXBuildFile; fileRef = E6E374001E2C0F1500A00897 /* bamboo-wood-semigloss-normal.png */; };
		E6E374171E2C0F1500A00897 /* bamboo-wood-semigloss-roughness.png in Resources */ = {isa = PBXBuildFile; fileRef = E6E374011E2C0F1500A00897 /* bamboo-wood-semigloss-roughness.png */; };
		E6E374181E2C0F1500A00897 /* oakfloor2-albedo.png in Resources */ = {isa = PBXBuildFile; fileRef = E6E374031E2C0F1500A00897 /* oakfloor2-albedo.png */; };
		E6E374191E2C0F1500A00897 /* oakfloor2-normal.png in Resources */ = {isa = PBXBuildFile; fileRef = E6E374041E2C0F1500A00897 /* oakfloor2-normal.png */; };
		E6E3741A1E2C0F1500A00897 /* oakfloor2-roughness.png in Resources */ = {isa = PBXBuildFile; fileRef = E6E374051E2C0F1500A00897 /* oakfloor2-roughness.png */; };
		E6E3741B1E2C0F1500A00897 /* rustediron-streaks-albedo.png in Resources */ = {isa = PBXBuildFile; fileRef = E6E374071E2C0F1500A00897 /* rustediron-streaks-albedo.png */; };
		E6E3741C1E2C0F1500A00897 /* rustediron-streaks-metal.png in Resources */ = {isa = PBXBuildFile; fileRef = E6E374081E2C0F1500A00897 /* rustediron-streaks-metal.png */; };
		E6E3741D1E2C0F1500A00897 /* rustediron-streaks-normal.png in Resources */ = {isa = PBXBuildFile; fileRef = E6E374091E2C0F1500A00897 /* rustediron-streaks-normal.png */; };
		E6E3741E1E2C0F1500A00897 /* rustediron-streaks-roughness.png in Resources */ = {isa = PBXBuildFile; fileRef = E6E3740A1E2C0F1500A00897 /* rustediron-streaks-roughness.png */; };
		E6E3741F1E2C0F1500A00897 /* scuffed-plastic-albedo.png in Resources */ = {isa = PBXBuildFile; fileRef = E6E3740C1E2C0F1500A00897 /* scuffed-plastic-albedo.png */; };
		E6E374201E2C0F1500A00897 /* scuffed-plastic-metal.png in Resources */ = {isa = PBXBuildFile; fileRef = E6E3740D1E2C0F1500A00897 /* scuffed-plastic-metal.png */; };
		E6E374211E2C0F1500A00897 /* scuffed-plastic-normal.png in Resources */ = {isa = PBXBuildFile; fileRef = E6E3740E1E2C0F1500A00897 /* scuffed-plastic-normal.png */; };
		E6E374221E2C0F1500A00897 /* scuffed-plastic-roughness.png in Resources */ = {isa = PBXBuildFile; fileRef = E6E3740F1E2C0F1500A00897 /* scuffed-plastic-roughness.png */; };
/* End PBXBuildFile section */

/* Begin PBXFileReference section */
		449621FE0F404A20362C1972 /* Pods-stamp.debug.xcconfig */ = {isa = PBXFileReference; includeInIndex = 1; lastKnownFileType = text.xcconfig; name = "Pods-stamp.debug.xcconfig"; path = "Pods/Target Support Files/Pods-stamp/Pods-stamp.debug.xcconfig"; sourceTree = "<group>"; };
		834B4D9E6386B48A0C122E85 /* Pods_stamp.framework */ = {isa = PBXFileReference; explicitFileType = wrapper.framework; includeInIndex = 0; path = Pods_stamp.framework; sourceTree = BUILT_PRODUCTS_DIR; };
		DBA202E86522F5F2B2B584C2 /* Pods-stamp.release.xcconfig */ = {isa = PBXFileReference; includeInIndex = 1; lastKnownFileType = text.xcconfig; name = "Pods-stamp.release.xcconfig"; path = "Pods/Target Support Files/Pods-stamp/Pods-stamp.release.xcconfig"; sourceTree = "<group>"; };
		E639F41C1E35132800119873 /* AuthAppViewController.swift */ = {isa = PBXFileReference; fileEncoding = 4; lastKnownFileType = sourcecode.swift; path = AuthAppViewController.swift; sourceTree = "<group>"; };
		E639F41D1E35132800119873 /* CaptureViewController.swift */ = {isa = PBXFileReference; fileEncoding = 4; lastKnownFileType = sourcecode.swift; path = CaptureViewController.swift; sourceTree = "<group>"; };
		E639F41E1E35132800119873 /* PhotoListViewController.swift */ = {isa = PBXFileReference; fileEncoding = 4; lastKnownFileType = sourcecode.swift; path = PhotoListViewController.swift; sourceTree = "<group>"; };
		E639F4211E35132800119873 /* PhotoListCell.swift */ = {isa = PBXFileReference; fileEncoding = 4; lastKnownFileType = sourcecode.swift; path = PhotoListCell.swift; sourceTree = "<group>"; };
		E639F4271E35135900119873 /* Extensions.swift */ = {isa = PBXFileReference; fileEncoding = 4; lastKnownFileType = sourcecode.swift; path = Extensions.swift; sourceTree = "<group>"; };
		E639F4291E3513BD00119873 /* Models.swift */ = {isa = PBXFileReference; fileEncoding = 4; lastKnownFileType = sourcecode.swift; path = Models.swift; sourceTree = "<group>"; };
		E6A946D61E1ABB57004D0CC7 /* stamp.app */ = {isa = PBXFileReference; explicitFileType = wrapper.application; includeInIndex = 0; path = stamp.app; sourceTree = BUILT_PRODUCTS_DIR; };
		E6A946D91E1ABB57004D0CC7 /* AppDelegate.swift */ = {isa = PBXFileReference; lastKnownFileType = sourcecode.swift; path = AppDelegate.swift; sourceTree = "<group>"; };
		E6A946DE1E1ABB57004D0CC7 /* Base */ = {isa = PBXFileReference; lastKnownFileType = file.storyboard; name = Base; path = Base.lproj/Main.storyboard; sourceTree = "<group>"; };
		E6A946E01E1ABB57004D0CC7 /* Assets.xcassets */ = {isa = PBXFileReference; lastKnownFileType = folder.assetcatalog; path = Assets.xcassets; sourceTree = "<group>"; };
		E6A946E31E1ABB57004D0CC7 /* Base */ = {isa = PBXFileReference; lastKnownFileType = file.storyboard; name = Base; path = Base.lproj/LaunchScreen.storyboard; sourceTree = "<group>"; };
		E6A946E51E1ABB57004D0CC7 /* Info.plist */ = {isa = PBXFileReference; lastKnownFileType = text.plist.xml; path = Info.plist; sourceTree = "<group>"; };
		E6A946EB1E1ABCF6004D0CC7 /* GoogleService-Info.plist */ = {isa = PBXFileReference; fileEncoding = 4; lastKnownFileType = text.plist.xml; path = "GoogleService-Info.plist"; sourceTree = "<group>"; };
		E6BDFFE21E2B989900B63BCE /* stamp.entitlements */ = {isa = PBXFileReference; lastKnownFileType = text.plist.entitlements; path = stamp.entitlements; sourceTree = "<group>"; };
		E6C7845D1E326401007D026A /* sphere.scn */ = {isa = PBXFileReference; lastKnownFileType = file.bplist; path = sphere.scn; sourceTree = "<group>"; };
		E6C784601E32A0EF007D026A /* model_Aslan_retopo_reuv-repaired-15K.BMP */ = {isa = PBXFileReference; lastKnownFileType = image.bmp; path = "model_Aslan_retopo_reuv-repaired-15K.BMP"; sourceTree = "<group>"; };
		E6C784611E32A0EF007D026A /* model_Aslan_retopo_reuv-repaired-15K.mtl */ = {isa = PBXFileReference; fileEncoding = 4; lastKnownFileType = text; path = "model_Aslan_retopo_reuv-repaired-15K.mtl"; sourceTree = "<group>"; };
		E6C784661E32A239007D026A /* model_Aslan_retopo_reuv-repaired-15K.scn */ = {isa = PBXFileReference; lastKnownFileType = file.bplist; path = "model_Aslan_retopo_reuv-repaired-15K.scn"; sourceTree = "<group>"; };
		E6E373FA1E2C0F1500A00897 /* spherical.jpg */ = {isa = PBXFileReference; lastKnownFileType = image.jpeg; path = spherical.jpg; sourceTree = "<group>"; };
		E6E373FB1E2C0F1500A00897 /* sphericalBlurred.png */ = {isa = PBXFileReference; lastKnownFileType = image.png; path = sphericalBlurred.png; sourceTree = "<group>"; };
		E6E373FE1E2C0F1500A00897 /* bamboo-wood-semigloss-albedo.png */ = {isa = PBXFileReference; lastKnownFileType = image.png; path = "bamboo-wood-semigloss-albedo.png"; sourceTree = "<group>"; };
		E6E373FF1E2C0F1500A00897 /* bamboo-wood-semigloss-metal.png */ = {isa = PBXFileReference; lastKnownFileType = image.png; path = "bamboo-wood-semigloss-metal.png"; sourceTree = "<group>"; };
		E6E374001E2C0F1500A00897 /* bamboo-wood-semigloss-normal.png */ = {isa = PBXFileReference; lastKnownFileType = image.png; path = "bamboo-wood-semigloss-normal.png"; sourceTree = "<group>"; };
		E6E374011E2C0F1500A00897 /* bamboo-wood-semigloss-roughness.png */ = {isa = PBXFileReference; lastKnownFileType = image.png; path = "bamboo-wood-semigloss-roughness.png"; sourceTree = "<group>"; };
		E6E374031E2C0F1500A00897 /* oakfloor2-albedo.png */ = {isa = PBXFileReference; lastKnownFileType = image.png; path = "oakfloor2-albedo.png"; sourceTree = "<group>"; };
		E6E374041E2C0F1500A00897 /* oakfloor2-normal.png */ = {isa = PBXFileReference; lastKnownFileType = image.png; path = "oakfloor2-normal.png"; sourceTree = "<group>"; };
		E6E374051E2C0F1500A00897 /* oakfloor2-roughness.png */ = {isa = PBXFileReference; lastKnownFileType = image.png; path = "oakfloor2-roughness.png"; sourceTree = "<group>"; };
		E6E374071E2C0F1500A00897 /* rustediron-streaks-albedo.png */ = {isa = PBXFileReference; lastKnownFileType = image.png; path = "rustediron-streaks-albedo.png"; sourceTree = "<group>"; };
		E6E374081E2C0F1500A00897 /* rustediron-streaks-metal.png */ = {isa = PBXFileReference; lastKnownFileType = image.png; path = "rustediron-streaks-metal.png"; sourceTree = "<group>"; };
		E6E374091E2C0F1500A00897 /* rustediron-streaks-normal.png */ = {isa = PBXFileReference; lastKnownFileType = image.png; path = "rustediron-streaks-normal.png"; sourceTree = "<group>"; };
		E6E3740A1E2C0F1500A00897 /* rustediron-streaks-roughness.png */ = {isa = PBXFileReference; lastKnownFileType = image.png; path = "rustediron-streaks-roughness.png"; sourceTree = "<group>"; };
		E6E3740C1E2C0F1500A00897 /* scuffed-plastic-albedo.png */ = {isa = PBXFileReference; lastKnownFileType = image.png; path = "scuffed-plastic-albedo.png"; sourceTree = "<group>"; };
		E6E3740D1E2C0F1500A00897 /* scuffed-plastic-metal.png */ = {isa = PBXFileReference; lastKnownFileType = image.png; path = "scuffed-plastic-metal.png"; sourceTree = "<group>"; };
		E6E3740E1E2C0F1500A00897 /* scuffed-plastic-normal.png */ = {isa = PBXFileReference; lastKnownFileType = image.png; path = "scuffed-plastic-normal.png"; sourceTree = "<group>"; };
		E6E3740F1E2C0F1500A00897 /* scuffed-plastic-roughness.png */ = {isa = PBXFileReference; lastKnownFileType = image.png; path = "scuffed-plastic-roughness.png"; sourceTree = "<group>"; };
/* End PBXFileReference section */

/* Begin PBXFrameworksBuildPhase section */
		E6A946D31E1ABB57004D0CC7 /* Frameworks */ = {
			isa = PBXFrameworksBuildPhase;
			buildActionMask = 2147483647;
			files = (
				251EF9B8C440704A0A3FD3A6 /* Pods_stamp.framework in Frameworks */,
			);
			runOnlyForDeploymentPostprocessing = 0;
		};
/* End PBXFrameworksBuildPhase section */

/* Begin PBXGroup section */
		12D95501F76C9191B5C1B7A3 /* Pods */ = {
			isa = PBXGroup;
			children = (
				449621FE0F404A20362C1972 /* Pods-stamp.debug.xcconfig */,
				DBA202E86522F5F2B2B584C2 /* Pods-stamp.release.xcconfig */,
			);
			name = Pods;
			sourceTree = "<group>";
		};
		ADBDFCF8EFB65920E0AA2DC2 /* Frameworks */ = {
			isa = PBXGroup;
			children = (
				834B4D9E6386B48A0C122E85 /* Pods_stamp.framework */,
			);
			name = Frameworks;
			sourceTree = "<group>";
		};
		E639F41B1E35132800119873 /* View Controllers */ = {
			isa = PBXGroup;
			children = (
				E639F41C1E35132800119873 /* AuthAppViewController.swift */,
				E639F41E1E35132800119873 /* PhotoListViewController.swift */,
				E639F41D1E35132800119873 /* CaptureViewController.swift */,
			);
			path = "View Controllers";
			sourceTree = "<group>";
		};
		E639F4201E35132800119873 /* Views */ = {
			isa = PBXGroup;
			children = (
				E639F4211E35132800119873 /* PhotoListCell.swift */,
			);
			path = Views;
			sourceTree = "<group>";
		};
		E6A946CD1E1ABB57004D0CC7 = {
			isa = PBXGroup;
			children = (
				E6A946D81E1ABB57004D0CC7 /* stamp */,
				E6A946D71E1ABB57004D0CC7 /* Products */,
				12D95501F76C9191B5C1B7A3 /* Pods */,
				ADBDFCF8EFB65920E0AA2DC2 /* Frameworks */,
			);
			sourceTree = "<group>";
		};
		E6A946D71E1ABB57004D0CC7 /* Products */ = {
			isa = PBXGroup;
			children = (
				E6A946D61E1ABB57004D0CC7 /* stamp.app */,
			);
			name = Products;
			sourceTree = "<group>";
		};
		E6A946D81E1ABB57004D0CC7 /* stamp */ = {
			isa = PBXGroup;
			children = (
				E6BDFFE21E2B989900B63BCE /* stamp.entitlements */,
				E6A946D91E1ABB57004D0CC7 /* AppDelegate.swift */,
				E639F4271E35135900119873 /* Extensions.swift */,
				E639F4291E3513BD00119873 /* Models.swift */,
				E639F41B1E35132800119873 /* View Controllers */,
				E639F4201E35132800119873 /* Views */,
				E6A946DD1E1ABB57004D0CC7 /* Main.storyboard */,
				E6A946E01E1ABB57004D0CC7 /* Assets.xcassets */,
				E6E373F81E2C0F1500A00897 /* Assets */,
				E6A946E21E1ABB57004D0CC7 /* LaunchScreen.storyboard */,
				E6A946EB1E1ABCF6004D0CC7 /* GoogleService-Info.plist */,
				E6A946E51E1ABB57004D0CC7 /* Info.plist */,
			);
			path = stamp;
			sourceTree = "<group>";
		};
		E6C7845F1E32A0EF007D026A /* aslan */ = {
			isa = PBXGroup;
			children = (
				E6C784601E32A0EF007D026A /* model_Aslan_retopo_reuv-repaired-15K.BMP */,
				E6C784611E32A0EF007D026A /* model_Aslan_retopo_reuv-repaired-15K.mtl */,
				E6C784661E32A239007D026A /* model_Aslan_retopo_reuv-repaired-15K.scn */,
			);
			path = aslan;
			sourceTree = "<group>";
		};
		E6E373F81E2C0F1500A00897 /* Assets */ = {
			isa = PBXGroup;
			children = (
				E6C7845F1E32A0EF007D026A /* aslan */,
				E6E373F91E2C0F1500A00897 /* Environment */,
				E6E373FC1E2C0F1500A00897 /* Materials */,
				E6E374101E2C0F1500A00897 /* Objects */,
			);
			path = Assets;
			sourceTree = "<group>";
		};
		E6E373F91E2C0F1500A00897 /* Environment */ = {
			isa = PBXGroup;
			children = (
				E6E373FA1E2C0F1500A00897 /* spherical.jpg */,
				E6E373FB1E2C0F1500A00897 /* sphericalBlurred.png */,
			);
			path = Environment;
			sourceTree = "<group>";
		};
		E6E373FC1E2C0F1500A00897 /* Materials */ = {
			isa = PBXGroup;
			children = (
				E6E373FD1E2C0F1500A00897 /* bamboo-wood-semigloss */,
				E6E374021E2C0F1500A00897 /* oakfloor2 */,
				E6E374061E2C0F1500A00897 /* rustediron-streaks */,
				E6E3740B1E2C0F1500A00897 /* scuffed-plastic */,
			);
			path = Materials;
			sourceTree = "<group>";
		};
		E6E373FD1E2C0F1500A00897 /* bamboo-wood-semigloss */ = {
			isa = PBXGroup;
			children = (
				E6E373FE1E2C0F1500A00897 /* bamboo-wood-semigloss-albedo.png */,
				E6E373FF1E2C0F1500A00897 /* bamboo-wood-semigloss-metal.png */,
				E6E374001E2C0F1500A00897 /* bamboo-wood-semigloss-normal.png */,
				E6E374011E2C0F1500A00897 /* bamboo-wood-semigloss-roughness.png */,
			);
			path = "bamboo-wood-semigloss";
			sourceTree = "<group>";
		};
		E6E374021E2C0F1500A00897 /* oakfloor2 */ = {
			isa = PBXGroup;
			children = (
				E6E374031E2C0F1500A00897 /* oakfloor2-albedo.png */,
				E6E374041E2C0F1500A00897 /* oakfloor2-normal.png */,
				E6E374051E2C0F1500A00897 /* oakfloor2-roughness.png */,
			);
			path = oakfloor2;
			sourceTree = "<group>";
		};
		E6E374061E2C0F1500A00897 /* rustediron-streaks */ = {
			isa = PBXGroup;
			children = (
				E6E374071E2C0F1500A00897 /* rustediron-streaks-albedo.png */,
				E6E374081E2C0F1500A00897 /* rustediron-streaks-metal.png */,
				E6E374091E2C0F1500A00897 /* rustediron-streaks-normal.png */,
				E6E3740A1E2C0F1500A00897 /* rustediron-streaks-roughness.png */,
			);
			path = "rustediron-streaks";
			sourceTree = "<group>";
		};
		E6E3740B1E2C0F1500A00897 /* scuffed-plastic */ = {
			isa = PBXGroup;
			children = (
				E6E3740C1E2C0F1500A00897 /* scuffed-plastic-albedo.png */,
				E6E3740D1E2C0F1500A00897 /* scuffed-plastic-metal.png */,
				E6E3740E1E2C0F1500A00897 /* scuffed-plastic-normal.png */,
				E6E3740F1E2C0F1500A00897 /* scuffed-plastic-roughness.png */,
			);
			path = "scuffed-plastic";
			sourceTree = "<group>";
		};
		E6E374101E2C0F1500A00897 /* Objects */ = {
			isa = PBXGroup;
			children = (
				E6C7845D1E326401007D026A /* sphere.scn */,
			);
			path = Objects;
			sourceTree = "<group>";
		};
/* End PBXGroup section */

/* Begin PBXNativeTarget section */
		E6A946D51E1ABB57004D0CC7 /* stamp */ = {
			isa = PBXNativeTarget;
			buildConfigurationList = E6A946E81E1ABB57004D0CC7 /* Build configuration list for PBXNativeTarget "stamp" */;
			buildPhases = (
				6DB92364089A330E343C11E1 /* [CP] Check Pods Manifest.lock */,
				E6A946D21E1ABB57004D0CC7 /* Sources */,
				E6A946D31E1ABB57004D0CC7 /* Frameworks */,
				E6A946D41E1ABB57004D0CC7 /* Resources */,
				B8770DAB96AC84DD37143096 /* [CP] Embed Pods Frameworks */,
				538095F12D7409693AE40FD1 /* [CP] Copy Pods Resources */,
			);
			buildRules = (
			);
			dependencies = (
			);
			name = stamp;
			productName = stamp;
			productReference = E6A946D61E1ABB57004D0CC7 /* stamp.app */;
			productType = "com.apple.product-type.application";
		};
/* End PBXNativeTarget section */

/* Begin PBXProject section */
		E6A946CE1E1ABB57004D0CC7 /* Project object */ = {
			isa = PBXProject;
			attributes = {
				LastSwiftUpdateCheck = 0820;
				LastUpgradeCheck = 0820;
				ORGANIZATIONNAME = "Serkan Sokmen";
				TargetAttributes = {
					E6A946D51E1ABB57004D0CC7 = {
						CreatedOnToolsVersion = 8.2.1;
						DevelopmentTeam = YGQRYMCYG9;
						LastSwiftMigration = 0820;
						ProvisioningStyle = Automatic;
						SystemCapabilities = {
							com.apple.Keychain = {
								enabled = 1;
							};
						};
					};
				};
			};
			buildConfigurationList = E6A946D11E1ABB57004D0CC7 /* Build configuration list for PBXProject "stamp" */;
			compatibilityVersion = "Xcode 3.2";
			developmentRegion = English;
			hasScannedForEncodings = 0;
			knownRegions = (
				en,
				Base,
			);
			mainGroup = E6A946CD1E1ABB57004D0CC7;
			productRefGroup = E6A946D71E1ABB57004D0CC7 /* Products */;
			projectDirPath = "";
			projectRoot = "";
			targets = (
				E6A946D51E1ABB57004D0CC7 /* stamp */,
			);
		};
/* End PBXProject section */

/* Begin PBXResourcesBuildPhase section */
		E6A946D41E1ABB57004D0CC7 /* Resources */ = {
			isa = PBXResourcesBuildPhase;
			buildActionMask = 2147483647;
			files = (
				E6E374211E2C0F1500A00897 /* scuffed-plastic-normal.png in Resources */,
				E6A946E41E1ABB57004D0CC7 /* LaunchScreen.storyboard in Resources */,
				E6E374141E2C0F1500A00897 /* bamboo-wood-semigloss-albedo.png in Resources */,
				E6A946EC1E1ABCF6004D0CC7 /* GoogleService-Info.plist in Resources */,
				E6E374151E2C0F1500A00897 /* bamboo-wood-semigloss-metal.png in Resources */,
				E6E374201E2C0F1500A00897 /* scuffed-plastic-metal.png in Resources */,
				E6A946E11E1ABB57004D0CC7 /* Assets.xcassets in Resources */,
				E6E3741C1E2C0F1500A00897 /* rustediron-streaks-metal.png in Resources */,
				E6E3741F1E2C0F1500A00897 /* scuffed-plastic-albedo.png in Resources */,
				E6C7845E1E326401007D026A /* sphere.scn in Resources */,
				E6C784641E32A0EF007D026A /* model_Aslan_retopo_reuv-repaired-15K.mtl in Resources */,
				E6E374121E2C0F1500A00897 /* spherical.jpg in Resources */,
				E6E374161E2C0F1500A00897 /* bamboo-wood-semigloss-normal.png in Resources */,
				E6E3741A1E2C0F1500A00897 /* oakfloor2-roughness.png in Resources */,
				E6E374131E2C0F1500A00897 /* sphericalBlurred.png in Resources */,
				E6E374191E2C0F1500A00897 /* oakfloor2-normal.png in Resources */,
				E6E374181E2C0F1500A00897 /* oakfloor2-albedo.png in Resources */,
				E6C784631E32A0EF007D026A /* model_Aslan_retopo_reuv-repaired-15K.BMP in Resources */,
				E6E3741B1E2C0F1500A00897 /* rustediron-streaks-albedo.png in Resources */,
				E6E374171E2C0F1500A00897 /* bamboo-wood-semigloss-roughness.png in Resources */,
				E6E374221E2C0F1500A00897 /* scuffed-plastic-roughness.png in Resources */,
				E6A946DF1E1ABB57004D0CC7 /* Main.storyboard in Resources */,
				E6E3741E1E2C0F1500A00897 /* rustediron-streaks-roughness.png in Resources */,
				E6E3741D1E2C0F1500A00897 /* rustediron-streaks-normal.png in Resources */,
			);
			runOnlyForDeploymentPostprocessing = 0;
		};
/* End PBXResourcesBuildPhase section */

/* Begin PBXShellScriptBuildPhase section */
		538095F12D7409693AE40FD1 /* [CP] Copy Pods Resources */ = {
			isa = PBXShellScriptBuildPhase;
			buildActionMask = 2147483647;
			files = (
			);
			inputPaths = (
			);
			name = "[CP] Copy Pods Resources";
			outputPaths = (
			);
			runOnlyForDeploymentPostprocessing = 0;
			shellPath = /bin/sh;
			shellScript = "\"${SRCROOT}/Pods/Target Support Files/Pods-stamp/Pods-stamp-resources.sh\"\n";
			showEnvVarsInLog = 0;
		};
		6DB92364089A330E343C11E1 /* [CP] Check Pods Manifest.lock */ = {
			isa = PBXShellScriptBuildPhase;
			buildActionMask = 2147483647;
			files = (
			);
			inputPaths = (
			);
			name = "[CP] Check Pods Manifest.lock";
			outputPaths = (
			);
			runOnlyForDeploymentPostprocessing = 0;
			shellPath = /bin/sh;
			shellScript = "diff \"${PODS_ROOT}/../Podfile.lock\" \"${PODS_ROOT}/Manifest.lock\" > /dev/null\nif [ $? != 0 ] ; then\n    # print error to STDERR\n    echo \"error: The sandbox is not in sync with the Podfile.lock. Run 'pod install' or update your CocoaPods installation.\" >&2\n    exit 1\nfi\n";
			showEnvVarsInLog = 0;
		};
		B8770DAB96AC84DD37143096 /* [CP] Embed Pods Frameworks */ = {
			isa = PBXShellScriptBuildPhase;
			buildActionMask = 2147483647;
			files = (
			);
			inputPaths = (
			);
			name = "[CP] Embed Pods Frameworks";
			outputPaths = (
			);
			runOnlyForDeploymentPostprocessing = 0;
			shellPath = /bin/sh;
			shellScript = "\"${SRCROOT}/Pods/Target Support Files/Pods-stamp/Pods-stamp-frameworks.sh\"\n";
			showEnvVarsInLog = 0;
		};
/* End PBXShellScriptBuildPhase section */

/* Begin PBXSourcesBuildPhase section */
		E6A946D21E1ABB57004D0CC7 /* Sources */ = {
			isa = PBXSourcesBuildPhase;
			buildActionMask = 2147483647;
			files = (
				E639F4221E35132800119873 /* AuthAppViewController.swift in Sources */,
				E639F4281E35135900119873 /* Extensions.swift in Sources */,
				E6A946DA1E1ABB57004D0CC7 /* AppDelegate.swift in Sources */,
				E639F4261E35132800119873 /* PhotoListCell.swift in Sources */,
				E639F4231E35132800119873 /* CaptureViewController.swift in Sources */,
				E639F4241E35132800119873 /* PhotoListViewController.swift in Sources */,
				E639F42A1E3513BD00119873 /* Models.swift in Sources */,
			);
			runOnlyForDeploymentPostprocessing = 0;
		};
/* End PBXSourcesBuildPhase section */

/* Begin PBXVariantGroup section */
		E6A946DD1E1ABB57004D0CC7 /* Main.storyboard */ = {
			isa = PBXVariantGroup;
			children = (
				E6A946DE1E1ABB57004D0CC7 /* Base */,
			);
			name = Main.storyboard;
			sourceTree = "<group>";
		};
		E6A946E21E1ABB57004D0CC7 /* LaunchScreen.storyboard */ = {
			isa = PBXVariantGroup;
			children = (
				E6A946E31E1ABB57004D0CC7 /* Base */,
			);
			name = LaunchScreen.storyboard;
			sourceTree = "<group>";
		};
/* End PBXVariantGroup section */

/* Begin XCBuildConfiguration section */
		E6A946E61E1ABB57004D0CC7 /* Debug */ = {
			isa = XCBuildConfiguration;
			buildSettings = {
				ALWAYS_SEARCH_USER_PATHS = NO;
				CLANG_ANALYZER_NONNULL = YES;
				CLANG_CXX_LANGUAGE_STANDARD = "gnu++0x";
				CLANG_CXX_LIBRARY = "libc++";
				CLANG_ENABLE_MODULES = YES;
				CLANG_ENABLE_OBJC_ARC = YES;
				CLANG_WARN_BOOL_CONVERSION = YES;
				CLANG_WARN_CONSTANT_CONVERSION = YES;
				CLANG_WARN_DIRECT_OBJC_ISA_USAGE = YES_ERROR;
				CLANG_WARN_DOCUMENTATION_COMMENTS = YES;
				CLANG_WARN_EMPTY_BODY = YES;
				CLANG_WARN_ENUM_CONVERSION = YES;
				CLANG_WARN_INFINITE_RECURSION = YES;
				CLANG_WARN_INT_CONVERSION = YES;
				CLANG_WARN_OBJC_ROOT_CLASS = YES_ERROR;
				CLANG_WARN_SUSPICIOUS_MOVE = YES;
				CLANG_WARN_UNREACHABLE_CODE = YES;
				CLANG_WARN__DUPLICATE_METHOD_MATCH = YES;
				"CODE_SIGN_IDENTITY[sdk=iphoneos*]" = "iPhone Developer";
				COPY_PHASE_STRIP = NO;
				DEBUG_INFORMATION_FORMAT = dwarf;
				ENABLE_STRICT_OBJC_MSGSEND = YES;
				ENABLE_TESTABILITY = YES;
				GCC_C_LANGUAGE_STANDARD = gnu99;
				GCC_DYNAMIC_NO_PIC = NO;
				GCC_NO_COMMON_BLOCKS = YES;
				GCC_OPTIMIZATION_LEVEL = 0;
				GCC_PREPROCESSOR_DEFINITIONS = (
					"DEBUG=1",
					"$(inherited)",
				);
				GCC_WARN_64_TO_32_BIT_CONVERSION = YES;
				GCC_WARN_ABOUT_RETURN_TYPE = YES_ERROR;
				GCC_WARN_UNDECLARED_SELECTOR = YES;
				GCC_WARN_UNINITIALIZED_AUTOS = YES_AGGRESSIVE;
				GCC_WARN_UNUSED_FUNCTION = YES;
				GCC_WARN_UNUSED_VARIABLE = YES;
				IPHONEOS_DEPLOYMENT_TARGET = 10.2;
				MTL_ENABLE_DEBUG_INFO = YES;
				ONLY_ACTIVE_ARCH = YES;
				SDKROOT = iphoneos;
				SWIFT_ACTIVE_COMPILATION_CONDITIONS = DEBUG;
				SWIFT_OPTIMIZATION_LEVEL = "-Onone";
			};
			name = Debug;
		};
		E6A946E71E1ABB57004D0CC7 /* Release */ = {
			isa = XCBuildConfiguration;
			buildSettings = {
				ALWAYS_SEARCH_USER_PATHS = NO;
				CLANG_ANALYZER_NONNULL = YES;
				CLANG_CXX_LANGUAGE_STANDARD = "gnu++0x";
				CLANG_CXX_LIBRARY = "libc++";
				CLANG_ENABLE_MODULES = YES;
				CLANG_ENABLE_OBJC_ARC = YES;
				CLANG_WARN_BOOL_CONVERSION = YES;
				CLANG_WARN_CONSTANT_CONVERSION = YES;
				CLANG_WARN_DIRECT_OBJC_ISA_USAGE = YES_ERROR;
				CLANG_WARN_DOCUMENTATION_COMMENTS = YES;
				CLANG_WARN_EMPTY_BODY = YES;
				CLANG_WARN_ENUM_CONVERSION = YES;
				CLANG_WARN_INFINITE_RECURSION = YES;
				CLANG_WARN_INT_CONVERSION = YES;
				CLANG_WARN_OBJC_ROOT_CLASS = YES_ERROR;
				CLANG_WARN_SUSPICIOUS_MOVE = YES;
				CLANG_WARN_UNREACHABLE_CODE = YES;
				CLANG_WARN__DUPLICATE_METHOD_MATCH = YES;
				"CODE_SIGN_IDENTITY[sdk=iphoneos*]" = "iPhone Developer";
				COPY_PHASE_STRIP = NO;
				DEBUG_INFORMATION_FORMAT = "dwarf-with-dsym";
				ENABLE_NS_ASSERTIONS = NO;
				ENABLE_STRICT_OBJC_MSGSEND = YES;
				GCC_C_LANGUAGE_STANDARD = gnu99;
				GCC_NO_COMMON_BLOCKS = YES;
				GCC_WARN_64_TO_32_BIT_CONVERSION = YES;
				GCC_WARN_ABOUT_RETURN_TYPE = YES_ERROR;
				GCC_WARN_UNDECLARED_SELECTOR = YES;
				GCC_WARN_UNINITIALIZED_AUTOS = YES_AGGRESSIVE;
				GCC_WARN_UNUSED_FUNCTION = YES;
				GCC_WARN_UNUSED_VARIABLE = YES;
				IPHONEOS_DEPLOYMENT_TARGET = 10.2;
				MTL_ENABLE_DEBUG_INFO = NO;
				SDKROOT = iphoneos;
				SWIFT_OPTIMIZATION_LEVEL = "-Owholemodule";
				VALIDATE_PRODUCT = YES;
			};
			name = Release;
		};
		E6A946E91E1ABB57004D0CC7 /* Debug */ = {
			isa = XCBuildConfiguration;
			baseConfigurationReference = 449621FE0F404A20362C1972 /* Pods-stamp.debug.xcconfig */;
			buildSettings = {
				ASSETCATALOG_COMPILER_APPICON_NAME = AppIcon;
				CODE_SIGN_ENTITLEMENTS = stamp/stamp.entitlements;
				DEVELOPMENT_TEAM = YGQRYMCYG9;
				INFOPLIST_FILE = stamp/Info.plist;
				LD_RUNPATH_SEARCH_PATHS = "$(inherited) @executable_path/Frameworks";
				PRODUCT_BUNDLE_IDENTIFIER = io.ofoto.stamp;
				PRODUCT_NAME = "$(TARGET_NAME)";
				SWIFT_VERSION = 3.0;
				TARGETED_DEVICE_FAMILY = "1,2";
			};
			name = Debug;
		};
		E6A946EA1E1ABB57004D0CC7 /* Release */ = {
			isa = XCBuildConfiguration;
			baseConfigurationReference = DBA202E86522F5F2B2B584C2 /* Pods-stamp.release.xcconfig */;
			buildSettings = {
				ASSETCATALOG_COMPILER_APPICON_NAME = AppIcon;
				CODE_SIGN_ENTITLEMENTS = stamp/stamp.entitlements;
				DEVELOPMENT_TEAM = YGQRYMCYG9;
				INFOPLIST_FILE = stamp/Info.plist;
				LD_RUNPATH_SEARCH_PATHS = "$(inherited) @executable_path/Frameworks";
				PRODUCT_BUNDLE_IDENTIFIER = io.ofoto.stamp;
				PRODUCT_NAME = "$(TARGET_NAME)";
				SWIFT_VERSION = 3.0;
				TARGETED_DEVICE_FAMILY = "1,2";
			};
			name = Release;
		};
/* End XCBuildConfiguration section */

/* Begin XCConfigurationList section */
		E6A946D11E1ABB57004D0CC7 /* Build configuration list for PBXProject "stamp" */ = {
			isa = XCConfigurationList;
			buildConfigurations = (
				E6A946E61E1ABB57004D0CC7 /* Debug */,
				E6A946E71E1ABB57004D0CC7 /* Release */,
			);
			defaultConfigurationIsVisible = 0;
			defaultConfigurationName = Release;
		};
		E6A946E81E1ABB57004D0CC7 /* Build configuration list for PBXNativeTarget "stamp" */ = {
			isa = XCConfigurationList;
			buildConfigurations = (
				E6A946E91E1ABB57004D0CC7 /* Debug */,
				E6A946EA1E1ABB57004D0CC7 /* Release */,
			);
			defaultConfigurationIsVisible = 0;
			defaultConfigurationName = Release;
		};
/* End XCConfigurationList section */
	};
	rootObject = E6A946CE1E1ABB57004D0CC7 /* Project object */;
}
